
Microsoft Visual Studio Solution File, Format Version 12.00
Project("{FAE04EC0-301F-11D3-BF4B-00C04F79EFBC}") = "traceroute", "traceroute\traceroute.csproj", "{0D672A44-38E8-4388-8DE8-6B45A12867D1}"
EndProject
Global
	GlobalSection(SolutionConfigurationPlatforms) = preSolution
		Debug|Any CPU = Debug|Any CPU
		Release|Any CPU = Release|Any CPU
	EndGlobalSection
	GlobalSection(ProjectConfigurationPlatforms) = postSolution
		{0D672A44-38E8-4388-8DE8-6B45A12867D1}.Debug|Any CPU.ActiveCfg = Debug|Any CPU
		{0D672A44-38E8-4388-8DE8-6B45A12867D1}.Debug|Any CPU.Build.0 = Debug|Any CPU
		{0D672A44-38E8-4388-8DE8-6B45A12867D1}.Release|Any CPU.ActiveCfg = Release|Any CPU
		{0D672A44-38E8-4388-8DE8-6B45A12867D1}.Release|Any CPU.Build.0 = Release|Any CPU
	EndGlobalSection
EndGlobal
